#MicroXplorer Configuration settings - do not modify
CAD.formats=
CAD.pinconfig=
CAD.provider=
File.Version=6
I2C1.I2C_Speed_Mode=I2C_Fast
I2C1.IPParameters=Timing,I2C_Speed_Mode
I2C1.Timing=0x00C12166
KeepUserPlacement=false
MMTAppReg1.MEMORYMAP.AppRegionName=RAM
MMTAppReg1.MEMORYMAP.ContextName=Cortex-M4NS
MMTAppReg1.MEMORYMAP.CoreName=ARM Cortex-M4
MMTAppReg1.MEMORYMAP.DefaultDataRegion=true
MMTAppReg1.MEMORYMAP.IPParameters=StartAddress,Size,CoreName,DefaultDataRegion,ContextName,Name
MMTAppReg1.MEMORYMAP.Name=RAM
MMTAppReg1.MEMORYMAP.Size=196608
MMTAppReg1.MEMORYMAP.StartAddress=0x20000000
MMTAppReg2.MEMORYMAP.AppRegionName=FLASH
MMTAppReg2.MEMORYMAP.ContextName=Cortex-M4NS
MMTAppReg2.MEMORYMAP.CoreName=ARM Cortex-M4
MMTAppReg2.MEMORYMAP.DefaultCodeRegion=true
MMTAppReg2.MEMORYMAP.DefaultDataRegion=false
MMTAppReg2.MEMORYMAP.IPParameters=StartAddress,Size,CoreName,DefaultDataRegion,MemType,ContextName,Name,DefaultCodeRegion
MMTAppReg2.MEMORYMAP.MemType=ROM
MMTAppReg2.MEMORYMAP.Name=FLASH
MMTAppReg2.MEMORYMAP.Size=524288
MMTAppReg2.MEMORYMAP.StartAddress=0x08000000
MMTAppReg3.MEMORYMAP.AppRegionName=RAM_SHARED
MMTAppReg3.MEMORYMAP.ContextName=Cortex-M4NS
MMTAppReg3.MEMORYMAP.CoreName=ARM Cortex-M4
MMTAppReg3.MEMORYMAP.DefaultDataRegion=true
MMTAppReg3.MEMORYMAP.IPParameters=StartAddress,Size,CoreName,DefaultDataRegion,ContextName,Name
MMTAppReg3.MEMORYMAP.Name=RAM_SHARED
MMTAppReg3.MEMORYMAP.Size=9216
MMTAppReg3.MEMORYMAP.StartAddress=0x20030000
MMTAppReg4.MEMORYMAP.AppRegionName=RAM_SHARED Reserved Alias Region
MMTAppReg4.MEMORYMAP.CoreName=ARM Cortex-M4
MMTAppReg4.MEMORYMAP.DefaultDataRegion=false
MMTAppReg4.MEMORYMAP.IPParameters=StartAddress,Size,CoreName,DefaultDataRegion,ReservedRegion,Name
MMTAppReg4.MEMORYMAP.Name=RAM_SHARED Reserved Alias Region
MMTAppReg4.MEMORYMAP.ReservedRegion=true
MMTAppReg4.MEMORYMAP.Size=9216
MMTAppReg4.MEMORYMAP.StartAddress=0x10000000
MMTAppRegionsCount=4
MMTConfigApplied=false
Mcu.CPN=STM32WB55CEU6
Mcu.Family=STM32WB
Mcu.IP0=I2C1
Mcu.IP1=IPCC
Mcu.IP10=USB
Mcu.IP2=IWDG
Mcu.IP3=LPUART1
Mcu.IP4=MEMORYMAP
Mcu.IP5=NVIC
Mcu.IP6=RCC
Mcu.IP7=RF
Mcu.IP8=SYS
Mcu.IP9=TIM1
Mcu.IPNb=11
Mcu.Name=STM32WB55CEUx
Mcu.Package=UFQFPN48
Mcu.Pin0=PC14-OSC32_IN
Mcu.Pin1=PC15-OSC32_OUT
Mcu.Pin10=PB1
Mcu.Pin11=PE4
Mcu.Pin12=PA11
Mcu.Pin13=PA12
Mcu.Pin14=PA13
Mcu.Pin15=PA14
Mcu.Pin16=PB3
Mcu.Pin17=PB6
Mcu.Pin18=PB7
Mcu.Pin19=VP_IPCC_VS_IPCC
Mcu.Pin2=PH3-BOOT0
Mcu.Pin20=VP_IWDG_VS_IWDG
Mcu.Pin21=VP_SYS_VS_Systick
Mcu.Pin22=VP_MEMORYMAP_VS_MEMORYMAP
Mcu.Pin3=PA2
Mcu.Pin4=PA3
Mcu.Pin5=PA9
Mcu.Pin6=RF1
Mcu.Pin7=OSC_OUT
Mcu.Pin8=OSC_IN
Mcu.Pin9=PB0
Mcu.PinsNb=23
Mcu.ThirdParty0=STMicroelectronics.X-CUBE-AI.10.1.0
Mcu.ThirdParty1=STMicroelectronics.X-CUBE-ALGOBUILD.1.4.0
Mcu.ThirdParty2=STMicroelectronics.X-CUBE-BLE1.7.1.0
Mcu.ThirdPartyNb=3
Mcu.UserConstants=
Mcu.UserName=STM32WB55CEUx
MxCube.Version=6.14.1
MxDb.Version=DB.6.0.141
NVIC.BusFault_IRQn=true\:0\:0\:false\:false\:true\:false\:false\:false
NVIC.DebugMonitor_IRQn=true\:0\:0\:false\:false\:true\:false\:false\:false
NVIC.ForceEnableDMAVector=true
NVIC.HardFault_IRQn=true\:0\:0\:false\:false\:true\:false\:false\:false
NVIC.MemoryManagement_IRQn=true\:0\:0\:false\:false\:true\:false\:false\:false
NVIC.NonMaskableInt_IRQn=true\:0\:0\:false\:false\:true\:false\:false\:false
NVIC.PendSV_IRQn=true\:0\:0\:false\:false\:true\:false\:false\:false
NVIC.PriorityGroup=NVIC_PRIORITYGROUP_4
NVIC.SVCall_IRQn=true\:0\:0\:false\:false\:true\:false\:false\:false
NVIC.SysTick_IRQn=true\:15\:0\:false\:false\:true\:false\:true\:false
NVIC.UsageFault_IRQn=true\:0\:0\:false\:false\:true\:false\:false\:false
OSC_IN.Mode=HSE-External-Oscillator
OSC_IN.Signal=RCC_OSC_IN
OSC_OUT.Mode=HSE-External-Oscillator
OSC_OUT.Signal=RCC_OSC_OUT
PA11.Mode=Device
PA11.Signal=USB_DM
PA12.Locked=true
PA12.Mode=Device
PA12.Signal=USB_DP
PA13.Mode=Trace_Asynchronous_SW
PA13.Signal=SYS_JTMS-SWDIO
PA14.Mode=Trace_Asynchronous_SW
PA14.Signal=SYS_JTCK-SWCLK
PA2.Mode=Asynchronous
PA2.Signal=LPUART1_TX
PA3.Mode=Asynchronous
PA3.Signal=LPUART1_RX
PA9.Locked=true
PA9.Signal=S_TIM1_CH2
PB0.Mode=TX_MOD_EXT_PA
PB0.Signal=RF_TX_MOD_EXT_PA
PB1.Locked=true
PB1.Signal=GPIO_Output
PB3.Mode=Trace_Asynchronous_SW
PB3.Signal=SYS_JTDO-SWO
PB6.Locked=true
PB6.Mode=I2C
PB6.Signal=I2C1_SCL
PB7.Locked=true
PB7.Mode=I2C
PB7.Signal=I2C1_SDA
PC14-OSC32_IN.Mode=LSE-External-Oscillator
PC14-OSC32_IN.Signal=RCC_OSC32_IN
PC15-OSC32_OUT.Mode=LSE-External-Oscillator
PC15-OSC32_OUT.Signal=RCC_OSC32_OUT
PCC.Ble.ConnectionInterval=1000.0
PCC.Ble.DataLength=6
PCC.Ble.IsUsed=false
PCC.Ble.Mode=NOT_SELECTED
PCC.Ble.PowerLevel=Min
PCC.Zigbee.IsUsed=false
PCC.Zigbee.Mode=Sleepy End Device
PCC.Zigbee.Payload=15
PCC.Zigbee.PoolPeriodicity=480.0
PCC.Zigbee.PowerLevel=Min
PCC.Zigbee.RequestPeriodicity=1500.0
PE4.Locked=true
PE4.Signal=GPIO_Output
PH3-BOOT0.Locked=true
PinOutPanel.RotationAngle=0
ProjectManager.AskForMigrate=true
ProjectManager.BackupPrevious=false
ProjectManager.CompilerLinker=GCC
ProjectManager.CompilerOptimize=6
ProjectManager.ComputerToolchain=false
ProjectManager.CoupleFile=false
ProjectManager.CustomerFirmwarePackage=
ProjectManager.DefaultFWLocation=true
ProjectManager.DeletePrevious=true
ProjectManager.DeviceId=STM32WB55CEUx
ProjectManager.FirmwarePackage=STM32Cube FW_WB V1.22.1
ProjectManager.FreePins=false
ProjectManager.HalAssertFull=false
ProjectManager.HeapSize=0x200
ProjectManager.KeepUserCode=true
ProjectManager.LastFirmware=true
ProjectManager.LibraryCopy=1
ProjectManager.MainLocation=Core/Src
ProjectManager.NoMain=false
ProjectManager.PreviousToolchain=
ProjectManager.ProjectBuild=false
ProjectManager.ProjectFileName=PIN_out_config.ioc
ProjectManager.ProjectName=PIN_out_config
ProjectManager.ProjectStructure=
ProjectManager.RegisterCallBack=
ProjectManager.StackSize=0x400
ProjectManager.TargetToolchain=STM32CubeIDE
ProjectManager.ToolChainLocation=
ProjectManager.UAScriptAfterPath=
ProjectManager.UAScriptBeforePath=
ProjectManager.UnderRoot=true
ProjectManager.functionlistsort=1-SystemClock_Config-RCC-false-HAL-false,2-MX_GPIO_Init-GPIO-false-HAL-true,3-MX_I2C1_Init-I2C1-false-HAL-true,4-MX_I2C3_Init-I2C3-false-HAL-true,5-MX_IPCC_Init-IPCC-false-HAL-true,6-MX_IWDG_Init-IWDG-false-HAL-true,7-MX_USB_PCD_Init-USB-false-HAL-true,8-MX_RF_Init-RF-false-HAL-true
RCC.AHB2CLKDivider=RCC_SYSCLK_DIV2
RCC.AHBFreq_Value=64000000
RCC.APB1Freq_Value=64000000
RCC.APB1TimFreq_Value=64000000
RCC.APB2Freq_Value=64000000
RCC.APB2TimFreq_Value=64000000
RCC.APB3Freq_Value=16000000
RCC.Cortex2Freq_Value=32000000
RCC.CortexFreq_Value=64000000
RCC.FCLKCortexFreq_Value=64000000
RCC.FamilyName=M
RCC.HCLK3Freq_Value=64000000
RCC.HCLKFreq_Value=64000000
RCC.HCLKRFFreq_Value=16000000
RCC.HSE_VALUE=32000000
RCC.HSI48_VALUE=48000000
RCC.HSI_VALUE=16000000
RCC.I2C1Freq_Value=64000000
RCC.I2C3Freq_Value=64000000
RCC.IPParameters=AHB2CLKDivider,AHBFreq_Value,APB1Freq_Value,APB1TimFreq_Value,APB2Freq_Value,APB2TimFreq_Value,APB3Freq_Value,Cortex2Freq_Value,CortexFreq_Value,FCLKCortexFreq_Value,FamilyName,HCLK3Freq_Value,HCLKFreq_Value,HCLKRFFreq_Value,HSE_VALUE,HSI48_VALUE,HSI_VALUE,I2C1Freq_Value,I2C3Freq_Value,LPTIM1Freq_Value,LPTIM2Freq_Value,LPUART1Freq_Value,LSCOPinFreq_Value,LSI_VALUE,MCO1PinFreq_Value,MSI_VALUE,PLLM,PLLN,PLLPoutputFreq_Value,PLLQoutputFreq_Value,PLLRCLKFreq_Value,PLLSAI1PoutputFreq_Value,PLLSAI1QoutputFreq_Value,PLLSAI1RoutputFreq_Value,PWRFreq_Value,RFWKPFreq_Value,RNGFreq_Value,SAI1Freq_Value,SMPS1Freq_Value,SMPSFreq_Value,SYSCLKFreq_VALUE,SYSCLKSource,USART1Freq_Value,VCOInputFreq_Value,VCOOutputFreq_Value,VCOSAI1OutputFreq_Value
RCC.LPTIM1Freq_Value=64000000
RCC.LPTIM2Freq_Value=64000000
RCC.LPUART1Freq_Value=64000000
RCC.LSCOPinFreq_Value=32000
RCC.LSI_VALUE=32000
RCC.MCO1PinFreq_Value=64000000
RCC.MSI_VALUE=4000
RCC.PLLM=1
RCC.PLLN=32
RCC.PLLPoutputFreq_Value=64000000
RCC.PLLQoutputFreq_Value=64000000
RCC.PLLRCLKFreq_Value=64000000
RCC.PLLSAI1PoutputFreq_Value=16000000
RCC.PLLSAI1QoutputFreq_Value=16000000
RCC.PLLSAI1RoutputFreq_Value=16000000
RCC.PWRFreq_Value=64000000
RCC.RFWKPFreq_Value=31250
RCC.RNGFreq_Value=32000
RCC.SAI1Freq_Value=16000000
RCC.SMPS1Freq_Value=8000000
RCC.SMPSFreq_Value=4000000
RCC.SYSCLKFreq_VALUE=64000000
RCC.SYSCLKSource=RCC_SYSCLKSOURCE_PLLCLK
RCC.USART1Freq_Value=64000000
RCC.VCOInputFreq_Value=4000000
RCC.VCOOutputFreq_Value=128000000
RCC.VCOSAI1OutputFreq_Value=32000000
RF1.Mode=RF1_Activate
RF1.Signal=RF_RF1
SH.S_TIM1_CH2.0=TIM1_CH2,PWM Generation2 CH2
SH.S_TIM1_CH2.ConfNb=1
STMicroelectronics.X-CUBE-AI.10.1.0.ArtificialOoIntelligenceJjXAaCUBEAaAI_Checked=false
STMicroelectronics.X-CUBE-AI.10.1.0.HeapSize=0x800
STMicroelectronics.X-CUBE-AI.10.1.0.IPParameters=HeapSize,StackSize,ModelName-2f2ab00e85c430216cafca5caf0e4c562f85df7eff4a1d9dfc382f3a5c859006,ModelKind-2f2ab00e85c430216cafca5caf0e4c562f85df7eff4a1d9dfc382f3a5c859006,ModelCompression-2f2ab00e85c430216cafca5caf0e4c562f85df7eff4a1d9dfc382f3a5c859006,ModelHashList,ModelNameList,WorkingBufferStartAddrList,ModelActualCompression-2f2ab00e85c430216cafca5caf0e4c562f85df7eff4a1d9dfc382f3a5c859006,ModelFlashOccupation-2f2ab00e85c430216cafca5caf0e4c562f85df7eff4a1d9dfc382f3a5c859006,ModelMacc-2f2ab00e85c430216cafca5caf0e4c562f85df7eff4a1d9dfc382f3a5c859006,ModelRamOccupation-2f2ab00e85c430216cafca5caf0e4c562f85df7eff4a1d9dfc382f3a5c859006,ModelType-2f2ab00e85c430216cafca5caf0e4c562f85df7eff4a1d9dfc382f3a5c859006,copyWeightToRam,useInputAllocation,useOutputAllocation,customLayerConfigEnabled,noOnnxIoTranspose,ReadyForCodeGeneration
STMicroelectronics.X-CUBE-AI.10.1.0.ModelActualCompression-2f2ab00e85c430216cafca5caf0e4c562f85df7eff4a1d9dfc382f3a5c859006=0.0
STMicroelectronics.X-CUBE-AI.10.1.0.ModelCompression-2f2ab00e85c430216cafca5caf0e4c562f85df7eff4a1d9dfc382f3a5c859006=None
STMicroelectronics.X-CUBE-AI.10.1.0.ModelFlashOccupation-2f2ab00e85c430216cafca5caf0e4c562f85df7eff4a1d9dfc382f3a5c859006=0
STMicroelectronics.X-CUBE-AI.10.1.0.ModelHashList=2f2ab00e85c430216cafca5caf0e4c562f85df7eff4a1d9dfc382f3a5c859006
STMicroelectronics.X-CUBE-AI.10.1.0.ModelKind-2f2ab00e85c430216cafca5caf0e4c562f85df7eff4a1d9dfc382f3a5c859006=KERAS
STMicroelectronics.X-CUBE-AI.10.1.0.ModelMacc-2f2ab00e85c430216cafca5caf0e4c562f85df7eff4a1d9dfc382f3a5c859006=0
STMicroelectronics.X-CUBE-AI.10.1.0.ModelName-2f2ab00e85c430216cafca5caf0e4c562f85df7eff4a1d9dfc382f3a5c859006=network
STMicroelectronics.X-CUBE-AI.10.1.0.ModelNameList=network
STMicroelectronics.X-CUBE-AI.10.1.0.ModelRamOccupation-2f2ab00e85c430216cafca5caf0e4c562f85df7eff4a1d9dfc382f3a5c859006=0
STMicroelectronics.X-CUBE-AI.10.1.0.ModelType-2f2ab00e85c430216cafca5caf0e4c562f85df7eff4a1d9dfc382f3a5c859006=STM32Cube.AI MCU runtime
STMicroelectronics.X-CUBE-AI.10.1.0.ReadyForCodeGeneration=false
STMicroelectronics.X-CUBE-AI.10.1.0.StackSize=0x800
STMicroelectronics.X-CUBE-AI.10.1.0.WorkingBufferStartAddrList=0xFFFFFFFF
STMicroelectronics.X-CUBE-AI.10.1.0.copyWeightToRam=false
STMicroelectronics.X-CUBE-AI.10.1.0.customLayerConfigEnabled=false
STMicroelectronics.X-CUBE-AI.10.1.0.noOnnxIoTranspose=false
STMicroelectronics.X-CUBE-AI.10.1.0.useInputAllocation=true
STMicroelectronics.X-CUBE-AI.10.1.0.useOutputAllocation=true
STMicroelectronics.X-CUBE-AI.10.1.0_SwParameter=XAaCUBEAaAICcArtificialOoIntelligenceJjCore\:true;
STMicroelectronics.X-CUBE-ALGOBUILD.1.4.0.MotionOoLibrariesJjLibrary_Checked=false
STMicroelectronics.X-CUBE-ALGOBUILD.1.4.0_SwParameter=LibraryCcMotionOoLibrariesJjMotionOoLibraries\:true;
STMicroelectronics.X-CUBE-BLE1.7.1.0.DeviceJjBLE1IiApplications_Checked=false
STMicroelectronics.X-CUBE-BLE1.7.1.0.WirelessJjBlueNRGAaMS_Checked=false
STMicroelectronics.X-CUBE-BLE1.7.1.0_SwParameter=BLE1IiApplicationsCcDeviceJjApplication\:SensorDemoBLESensor;BlueNRGAaMSCcWirelessJjBlueNRGAaMSJjController\:true;
TIM1.Channel-PWM\ Generation2\ CH2=TIM_CHANNEL_2
TIM1.IPParameters=Channel-PWM Generation2 CH2
VP_IPCC_VS_IPCC.Mode=IPCC_Activate
VP_IPCC_VS_IPCC.Signal=IPCC_VS_IPCC
VP_IWDG_VS_IWDG.Mode=IWDG_Activate
VP_IWDG_VS_IWDG.Signal=IWDG_VS_IWDG
VP_MEMORYMAP_VS_MEMORYMAP.Mode=CurAppReg
VP_MEMORYMAP_VS_MEMORYMAP.Signal=MEMORYMAP_VS_MEMORYMAP
VP_SYS_VS_Systick.Mode=SysTick
VP_SYS_VS_Systick.Signal=SYS_VS_Systick
board=custom
isbadioc=false
